%{
  "acceptor_pool": {:hex, :acceptor_pool, "1.0.0", "43c20d2acae35f0c2bcd64f9d2bde267e459f0f3fd23dab26485bf518c281b21", [:rebar3], [], "hexpm", "0cbcd83fdc8b9ad2eee2067ef8b91a14858a5883cb7cd800e6fcd5803e158788"},
  "chatterbox": {:hex, :ts_chatterbox, "0.15.1", "5cac4d15dd7ad61fc3c4415ce4826fc563d4643dee897a558ec4ea0b1c835c9c", [:rebar3], [{:hpack, "~> 0.3.0", [hex: :hpack_erl, repo: "hexpm", optional: false]}], "hexpm", "4f75b91451338bc0da5f52f3480fa6ef6e3a2aeecfc33686d6b3d0a0948f31aa"},
  "cowboy": {:hex, :cowboy, "2.11.0", "356bf784599cf6f2cdc6ad12fdcfb8413c2d35dab58404cf000e1feaed3f5645", [:make, :rebar3], [{:cowlib, "2.12.1", [hex: :cowlib, repo: "hexpm", optional: false]}, {:ranch, "1.8.0", [hex: :ranch, repo: "hexpm", optional: false]}], "hexpm", "0fa395437f1b0e104e0e00999f39d2ac5f4082ac5049b67a5b6d56ecc31b1403"},
  "cowlib": {:hex, :cowlib, "2.12.1", "a9fa9a625f1d2025fe6b462cb865881329b5caff8f1854d1cbc9f9533f00e1e1", [:make, :rebar3], [], "hexpm", "163b73f6367a7341b33c794c4e88e7dbfe6498ac42dcd69ef44c5bc5507c8db0"},
  "ctx": {:hex, :ctx, "0.6.0", "8ff88b70e6400c4df90142e7f130625b82086077a45364a78d208ed3ed53c7fe", [:rebar3], [], "hexpm", "a14ed2d1b67723dbebbe423b28d7615eb0bdcba6ff28f2d1f1b0a7e1d4aa5fc2"},
  "decimal": {:hex, :decimal, "2.1.1", "5611dca5d4b2c3dd497dec8f68751f1f1a54755e8ed2a966c2633cf885973ad6", [:mix], [], "hexpm", "53cfe5f497ed0e7771ae1a475575603d77425099ba5faef9394932b35020ffcc"},
  "ecto": {:hex, :ecto, "3.11.1", "4b4972b717e7ca83d30121b12998f5fcdc62ba0ed4f20fd390f16f3270d85c3e", [:mix], [{:decimal, "~> 2.0", [hex: :decimal, repo: "hexpm", optional: false]}, {:jason, "~> 1.0", [hex: :jason, repo: "hexpm", optional: true]}, {:telemetry, "~> 0.4 or ~> 1.0", [hex: :telemetry, repo: "hexpm", optional: false]}], "hexpm", "ebd3d3772cd0dfcd8d772659e41ed527c28b2a8bde4b00fe03e0463da0f1983b"},
  "gproc": {:hex, :gproc, "0.9.1", "f1df0364423539cf0b80e8201c8b1839e229e5f9b3ccb944c5834626998f5b8c", [:rebar3], [], "hexpm", "905088e32e72127ed9466f0bac0d8e65704ca5e73ee5a62cb073c3117916d507"},
  "grpcbox": {:hex, :grpcbox, "0.17.1", "6e040ab3ef16fe699ffb513b0ef8e2e896da7b18931a1ef817143037c454bcce", [:rebar3], [{:acceptor_pool, "~> 1.0.0", [hex: :acceptor_pool, repo: "hexpm", optional: false]}, {:chatterbox, "~> 0.15.1", [hex: :ts_chatterbox, repo: "hexpm", optional: false]}, {:ctx, "~> 0.6.0", [hex: :ctx, repo: "hexpm", optional: false]}, {:gproc, "~> 0.9.1", [hex: :gproc, repo: "hexpm", optional: false]}], "hexpm", "4a3b5d7111daabc569dc9cbd9b202a3237d81c80bf97212fbc676832cb0ceb17"},
  "hpack": {:hex, :hpack_erl, "0.3.0", "2461899cc4ab6a0ef8e970c1661c5fc6a52d3c25580bc6dd204f84ce94669926", [:rebar3], [], "hexpm", "d6137d7079169d8c485c6962dfe261af5b9ef60fbc557344511c1e65e3d95fb0"},
  "png": {:hex, :png, "0.2.1", "b25c17c8dcdc40096d46ae2d7c2777c63fede48fa8c8312cc708c88554049d3b", [:rebar3], [], "hexpm", "279345e07108c604871a21f1c91f716810ab559af2b20d6f302e0a98265ef72e"},
  "ranch": {:hex, :ranch, "1.8.0", "8c7a100a139fd57f17327b6413e4167ac559fbc04ca7448e9be9057311597a1d", [:make, :rebar3], [], "hexpm", "49fbcfd3682fab1f5d109351b61257676da1a2fdbe295904176d5e521a2ddfe5"},
  "telemetry": {:hex, :telemetry, "1.2.1", "68fdfe8d8f05a8428483a97d7aab2f268aaff24b49e0f599faa091f1d4e7f61c", [:rebar3], [], "hexpm", "dad9ce9d8effc621708f99eac538ef1cbe05d6a874dd741de2e689c47feafed5"},
}
