{
  "nodes": {
    "nixpkgs": {
      "locked": {
        "lastModified": 1722651103,
        "narHash": "sha256-IRiJA0NVAoyaZeKZluwfb2DoTpBAj+FLI0KfybBeDU0=",
        "owner": "NixOS",
        "repo": "nixpkgs",
        "rev": "a633d89c6dc9a2a8aae11813a62d7c58b2c0cc51",
        "type": "github"
      },
      "original": {
        "id": "nixpkgs",
        "ref": "nixos-24.05",
        "type": "indirect"
      }
    },
    "root": {
      "inputs": {
        "nixpkgs": "nixpkgs"
      }
    }
  },
  "root": "root",
  "version": 7
}
