{
  "nodes": {
    "nixpkgs": {
      "locked": {
        "lastModified": 1717555607,
        "narHash": "sha256-WZ1s48OODmRJ3DHC+I/DtM3tDRuRJlNqMvxvAPTD7ec=",
        "owner": "NixOS",
        "repo": "nixpkgs",
        "rev": "0b8e7a1ae5a94da2e1ee3f3030a32020f6254105",
        "type": "github"
      },
      "original": {
        "id": "nixpkgs",
        "ref": "nixos-24.05",
        "type": "indirect"
      }
    },
    "root": {
      "inputs": {
        "nixpkgs": "nixpkgs"
      }
    }
  },
  "root": "root",
  "version": 7
}
